// !$*UTF8*$!
{
	archiveVersion = 1;
	classes = {
	};
	objectVersion = 46;
	objects = {

/* Begin PBXBuildFile section */
		A21A414D19D2FBC600AEEDFE /* Earth.jpg in Resources */ = {isa = PBXBuildFile; fileRef = A21A414319D2FBC600AEEDFE /* Earth.jpg */; };
		A21A414E19D2FBC600AEEDFE /* EinsteinRing.jpg in Resources */ = {isa = PBXBuildFile; fileRef = A21A414419D2FBC600AEEDFE /* EinsteinRing.jpg */; };
		A21A414F19D2FBC600AEEDFE /* Jupiter.jpg in Resources */ = {isa = PBXBuildFile; fileRef = A21A414519D2FBC600AEEDFE /* Jupiter.jpg */; };
		A21A415019D2FBC600AEEDFE /* Mars.jpg in Resources */ = {isa = PBXBuildFile; fileRef = A21A414619D2FBC600AEEDFE /* Mars.jpg */; };
		A21A415119D2FBC600AEEDFE /* Mercury.jpg in Resources */ = {isa = PBXBuildFile; fileRef = A21A414719D2FBC600AEEDFE /* Mercury.jpg */; };
		A21A415219D2FBC600AEEDFE /* Neptune.jpg in Resources */ = {isa = PBXBuildFile; fileRef = A21A414819D2FBC600AEEDFE /* Neptune.jpg */; };
		A21A415319D2FBC600AEEDFE /* Orion.jpg in Resources */ = {isa = PBXBuildFile; fileRef = A21A414919D2FBC600AEEDFE /* Orion.jpg */; };
		A21A415419D2FBC600AEEDFE /* Saturn.jpg in Resources */ = {isa = PBXBuildFile; fileRef = A21A414A19D2FBC600AEEDFE /* Saturn.jpg */; };
		A21A415519D2FBC600AEEDFE /* Uranus.jpg in Resources */ = {isa = PBXBuildFile; fileRef = A21A414B19D2FBC600AEEDFE /* Uranus.jpg */; };
		A21A415619D2FBC600AEEDFE /* Venus.jpg in Resources */ = {isa = PBXBuildFile; fileRef = A21A414C19D2FBC600AEEDFE /* Venus.jpg */; };
		A21A415919D2FCA200AEEDFE /* OWSpaceObject.m in Sources */ = {isa = PBXBuildFile; fileRef = A21A415819D2FCA200AEEDFE /* OWSpaceObject.m */; };
		A29B0A0419D4082500A16806 /* OWSpaceImageViewController.m in Sources */ = {isa = PBXBuildFile; fileRef = A29B0A0319D4082500A16806 /* OWSpaceImageViewController.m */; };
		A29B0A7619D434EE00A16806 /* OWSpaceDataViewController.m in Sources */ = {isa = PBXBuildFile; fileRef = A29B0A7519D434EE00A16806 /* OWSpaceDataViewController.m */; };
		A2AC4A9219D56672001C207B /* OWAddSpaceObjectViewController.m in Sources */ = {isa = PBXBuildFile; fileRef = A2AC4A9119D56672001C207B /* OWAddSpaceObjectViewController.m */; };
		A2CC997A19D2CFE70032465B /* main.m in Sources */ = {isa = PBXBuildFile; fileRef = A2CC997919D2CFE70032465B /* main.m */; };
		A2CC997D19D2CFE70032465B /* AppDelegate.m in Sources */ = {isa = PBXBuildFile; fileRef = A2CC997C19D2CFE70032465B /* AppDelegate.m */; };
		A2CC998019D2CFE70032465B /* Out_of_this_World.xcdatamodeld in Sources */ = {isa = PBXBuildFile; fileRef = A2CC997E19D2CFE70032465B /* Out_of_this_World.xcdatamodeld */; };
		A2CC998619D2CFE70032465B /* Main.storyboard in Resources */ = {isa = PBXBuildFile; fileRef = A2CC998419D2CFE70032465B /* Main.storyboard */; };
		A2CC998819D2CFE70032465B /* Images.xcassets in Resources */ = {isa = PBXBuildFile; fileRef = A2CC998719D2CFE70032465B /* Images.xcassets */; };
		A2CC998B19D2CFE70032465B /* LaunchScreen.xib in Resources */ = {isa = PBXBuildFile; fileRef = A2CC998919D2CFE70032465B /* LaunchScreen.xib */; };
		A2CC999719D2CFE70032465B /* Out_of_this_WorldTests.m in Sources */ = {isa = PBXBuildFile; fileRef = A2CC999619D2CFE70032465B /* Out_of_this_WorldTests.m */; };
		A2CC99A219D2D0370032465B /* OWOuterSpaceTableViewController.m in Sources */ = {isa = PBXBuildFile; fileRef = A2CC99A119D2D0370032465B /* OWOuterSpaceTableViewController.m */; };
		A2CC99A519D2E4450032465B /* AstronomicalData.m in Sources */ = {isa = PBXBuildFile; fileRef = A2CC99A419D2E4450032465B /* AstronomicalData.m */; };
/* End PBXBuildFile section */

/* Begin PBXContainerItemProxy section */
		A2CC999119D2CFE70032465B /* PBXContainerItemProxy */ = {
			isa = PBXContainerItemProxy;
			containerPortal = A2CC996C19D2CFE70032465B /* Project object */;
			proxyType = 1;
			remoteGlobalIDString = A2CC997319D2CFE70032465B;
			remoteInfo = "Out of this World";
		};
/* End PBXContainerItemProxy section */

/* Begin PBXFileReference section */
		A21A414319D2FBC600AEEDFE /* Earth.jpg */ = {isa = PBXFileReference; lastKnownFileType = image.jpeg; path = Earth.jpg; sourceTree = "<group>"; };
		A21A414419D2FBC600AEEDFE /* EinsteinRing.jpg */ = {isa = PBXFileReference; lastKnownFileType = image.jpeg; path = EinsteinRing.jpg; sourceTree = "<group>"; };
		A21A414519D2FBC600AEEDFE /* Jupiter.jpg */ = {isa = PBXFileReference; lastKnownFileType = image.jpeg; path = Jupiter.jpg; sourceTree = "<group>"; };
		A21A414619D2FBC600AEEDFE /* Mars.jpg */ = {isa = PBXFileReference; lastKnownFileType = image.jpeg; path = Mars.jpg; sourceTree = "<group>"; };
		A21A414719D2FBC600AEEDFE /* Mercury.jpg */ = {isa = PBXFileReference; lastKnownFileType = image.jpeg; path = Mercury.jpg; sourceTree = "<group>"; };
		A21A414819D2FBC600AEEDFE /* Neptune.jpg */ = {isa = PBXFileReference; lastKnownFileType = image.jpeg; path = Neptune.jpg; sourceTree = "<group>"; };
		A21A414919D2FBC600AEEDFE /* Orion.jpg */ = {isa = PBXFileReference; lastKnownFileType = image.jpeg; path = Orion.jpg; sourceTree = "<group>"; };
		A21A414A19D2FBC600AEEDFE /* Saturn.jpg */ = {isa = PBXFileReference; lastKnownFileType = image.jpeg; path = Saturn.jpg; sourceTree = "<group>"; };
		A21A414B19D2FBC600AEEDFE /* Uranus.jpg */ = {isa = PBXFileReference; lastKnownFileType = image.jpeg; path = Uranus.jpg; sourceTree = "<group>"; };
		A21A414C19D2FBC600AEEDFE /* Venus.jpg */ = {isa = PBXFileReference; lastKnownFileType = image.jpeg; path = Venus.jpg; sourceTree = "<group>"; };
		A21A415719D2FCA200AEEDFE /* OWSpaceObject.h */ = {isa = PBXFileReference; fileEncoding = 4; lastKnownFileType = sourcecode.c.h; path = OWSpaceObject.h; sourceTree = "<group>"; };
		A21A415819D2FCA200AEEDFE /* OWSpaceObject.m */ = {isa = PBXFileReference; fileEncoding = 4; lastKnownFileType = sourcecode.c.objc; path = OWSpaceObject.m; sourceTree = "<group>"; };
		A29B0A0219D4082500A16806 /* OWSpaceImageViewController.h */ = {isa = PBXFileReference; fileEncoding = 4; lastKnownFileType = sourcecode.c.h; path = OWSpaceImageViewController.h; sourceTree = "<group>"; };
		A29B0A0319D4082500A16806 /* OWSpaceImageViewController.m */ = {isa = PBXFileReference; fileEncoding = 4; lastKnownFileType = sourcecode.c.objc; path = OWSpaceImageViewController.m; sourceTree = "<group>"; };
		A29B0A7419D434EE00A16806 /* OWSpaceDataViewController.h */ = {isa = PBXFileReference; fileEncoding = 4; lastKnownFileType = sourcecode.c.h; path = OWSpaceDataViewController.h; sourceTree = "<group>"; };
		A29B0A7519D434EE00A16806 /* OWSpaceDataViewController.m */ = {isa = PBXFileReference; fileEncoding = 4; lastKnownFileType = sourcecode.c.objc; path = OWSpaceDataViewController.m; sourceTree = "<group>"; };
		A2AC4A9019D56672001C207B /* OWAddSpaceObjectViewController.h */ = {isa = PBXFileReference; fileEncoding = 4; lastKnownFileType = sourcecode.c.h; path = OWAddSpaceObjectViewController.h; sourceTree = "<group>"; };
		A2AC4A9119D56672001C207B /* OWAddSpaceObjectViewController.m */ = {isa = PBXFileReference; fileEncoding = 4; lastKnownFileType = sourcecode.c.objc; path = OWAddSpaceObjectViewController.m; sourceTree = "<group>"; };
		A2CC997419D2CFE70032465B /* Out of this World.app */ = {isa = PBXFileReference; explicitFileType = wrapper.application; includeInIndex = 0; path = "Out of this World.app"; sourceTree = BUILT_PRODUCTS_DIR; };
		A2CC997819D2CFE70032465B /* Info.plist */ = {isa = PBXFileReference; lastKnownFileType = text.plist.xml; path = Info.plist; sourceTree = "<group>"; };
		A2CC997919D2CFE70032465B /* main.m */ = {isa = PBXFileReference; lastKnownFileType = sourcecode.c.objc; path = main.m; sourceTree = "<group>"; };
		A2CC997B19D2CFE70032465B /* AppDelegate.h */ = {isa = PBXFileReference; lastKnownFileType = sourcecode.c.h; path = AppDelegate.h; sourceTree = "<group>"; };
		A2CC997C19D2CFE70032465B /* AppDelegate.m */ = {isa = PBXFileReference; lastKnownFileType = sourcecode.c.objc; path = AppDelegate.m; sourceTree = "<group>"; };
		A2CC997F19D2CFE70032465B /* Out_of_this_World.xcdatamodel */ = {isa = PBXFileReference; lastKnownFileType = wrapper.xcdatamodel; path = Out_of_this_World.xcdatamodel; sourceTree = "<group>"; };
		A2CC998519D2CFE70032465B /* Base */ = {isa = PBXFileReference; lastKnownFileType = file.storyboard; name = Base; path = Base.lproj/Main.storyboard; sourceTree = "<group>"; };
		A2CC998719D2CFE70032465B /* Images.xcassets */ = {isa = PBXFileReference; lastKnownFileType = folder.assetcatalog; path = Images.xcassets; sourceTree = "<group>"; };
		A2CC998A19D2CFE70032465B /* Base */ = {isa = PBXFileReference; lastKnownFileType = file.xib; name = Base; path = Base.lproj/LaunchScreen.xib; sourceTree = "<group>"; };
		A2CC999019D2CFE70032465B /* Out of this WorldTests.xctest */ = {isa = PBXFileReference; explicitFileType = wrapper.cfbundle; includeInIndex = 0; path = "Out of this WorldTests.xctest"; sourceTree = BUILT_PRODUCTS_DIR; };
		A2CC999519D2CFE70032465B /* Info.plist */ = {isa = PBXFileReference; lastKnownFileType = text.plist.xml; path = Info.plist; sourceTree = "<group>"; };
		A2CC999619D2CFE70032465B /* Out_of_this_WorldTests.m */ = {isa = PBXFileReference; lastKnownFileType = sourcecode.c.objc; path = Out_of_this_WorldTests.m; sourceTree = "<group>"; };
		A2CC99A019D2D0370032465B /* OWOuterSpaceTableViewController.h */ = {isa = PBXFileReference; fileEncoding = 4; lastKnownFileType = sourcecode.c.h; path = OWOuterSpaceTableViewController.h; sourceTree = "<group>"; };
		A2CC99A119D2D0370032465B /* OWOuterSpaceTableViewController.m */ = {isa = PBXFileReference; fileEncoding = 4; lastKnownFileType = sourcecode.c.objc; path = OWOuterSpaceTableViewController.m; sourceTree = "<group>"; };
		A2CC99A319D2E4450032465B /* AstronomicalData.h */ = {isa = PBXFileReference; fileEncoding = 4; lastKnownFileType = sourcecode.c.h; path = AstronomicalData.h; sourceTree = "<group>"; };
		A2CC99A419D2E4450032465B /* AstronomicalData.m */ = {isa = PBXFileReference; fileEncoding = 4; lastKnownFileType = sourcecode.c.objc; path = AstronomicalData.m; sourceTree = "<group>"; };
/* End PBXFileReference section */

/* Begin PBXFrameworksBuildPhase section */
		A2CC997119D2CFE70032465B /* Frameworks */ = {
			isa = PBXFrameworksBuildPhase;
			buildActionMask = 2147483647;
			files = (
			);
			runOnlyForDeploymentPostprocessing = 0;
		};
		A2CC998D19D2CFE70032465B /* Frameworks */ = {
			isa = PBXFrameworksBuildPhase;
			buildActionMask = 2147483647;
			files = (
			);
			runOnlyForDeploymentPostprocessing = 0;
		};
/* End PBXFrameworksBuildPhase section */

/* Begin PBXGroup section */
		A2CC996B19D2CFE70032465B = {
			isa = PBXGroup;
			children = (
				A2CC997619D2CFE70032465B /* Out of this World */,
				A2CC999319D2CFE70032465B /* Out of this WorldTests */,
				A2CC997519D2CFE70032465B /* Products */,
			);
			sourceTree = "<group>";
		};
		A2CC997519D2CFE70032465B /* Products */ = {
			isa = PBXGroup;
			children = (
				A2CC997419D2CFE70032465B /* Out of this World.app */,
				A2CC999019D2CFE70032465B /* Out of this WorldTests.xctest */,
			);
			name = Products;
			sourceTree = "<group>";
		};
		A2CC997619D2CFE70032465B /* Out of this World */ = {
			isa = PBXGroup;
			children = (
				A2CC997B19D2CFE70032465B /* AppDelegate.h */,
				A2CC997C19D2CFE70032465B /* AppDelegate.m */,
				A2CC998419D2CFE70032465B /* Main.storyboard */,
				A2AC4A9019D56672001C207B /* OWAddSpaceObjectViewController.h */,
				A2AC4A9119D56672001C207B /* OWAddSpaceObjectViewController.m */,
				A29B0A7419D434EE00A16806 /* OWSpaceDataViewController.h */,
				A29B0A7519D434EE00A16806 /* OWSpaceDataViewController.m */,
				A2CC99A019D2D0370032465B /* OWOuterSpaceTableViewController.h */,
				A2CC99A119D2D0370032465B /* OWOuterSpaceTableViewController.m */,
				A29B0A0219D4082500A16806 /* OWSpaceImageViewController.h */,
				A29B0A0319D4082500A16806 /* OWSpaceImageViewController.m */,
				A21A415719D2FCA200AEEDFE /* OWSpaceObject.h */,
				A21A415819D2FCA200AEEDFE /* OWSpaceObject.m */,
				A2CC998719D2CFE70032465B /* Images.xcassets */,
				A2CC998919D2CFE70032465B /* LaunchScreen.xib */,
				A2CC997E19D2CFE70032465B /* Out_of_this_World.xcdatamodeld */,
				A2CC997719D2CFE70032465B /* Supporting Files */,
			);
			path = "Out of this World";
			sourceTree = "<group>";
		};
		A2CC997719D2CFE70032465B /* Supporting Files */ = {
			isa = PBXGroup;
			children = (
				A21A414319D2FBC600AEEDFE /* Earth.jpg */,
				A21A414419D2FBC600AEEDFE /* EinsteinRing.jpg */,
				A21A414519D2FBC600AEEDFE /* Jupiter.jpg */,
				A21A414619D2FBC600AEEDFE /* Mars.jpg */,
				A21A414719D2FBC600AEEDFE /* Mercury.jpg */,
				A21A414819D2FBC600AEEDFE /* Neptune.jpg */,
				A21A414919D2FBC600AEEDFE /* Orion.jpg */,
				A21A414A19D2FBC600AEEDFE /* Saturn.jpg */,
				A21A414B19D2FBC600AEEDFE /* Uranus.jpg */,
				A21A414C19D2FBC600AEEDFE /* Venus.jpg */,
				A2CC99A319D2E4450032465B /* AstronomicalData.h */,
				A2CC99A419D2E4450032465B /* AstronomicalData.m */,
				A2CC997819D2CFE70032465B /* Info.plist */,
				A2CC997919D2CFE70032465B /* main.m */,
			);
			name = "Supporting Files";
			sourceTree = "<group>";
		};
		A2CC999319D2CFE70032465B /* Out of this WorldTests */ = {
			isa = PBXGroup;
			children = (
				A2CC999619D2CFE70032465B /* Out_of_this_WorldTests.m */,
				A2CC999419D2CFE70032465B /* Supporting Files */,
			);
			path = "Out of this WorldTests";
			sourceTree = "<group>";
		};
		A2CC999419D2CFE70032465B /* Supporting Files */ = {
			isa = PBXGroup;
			children = (
				A2CC999519D2CFE70032465B /* Info.plist */,
			);
			name = "Supporting Files";
			sourceTree = "<group>";
		};
/* End PBXGroup section */

/* Begin PBXNativeTarget section */
		A2CC997319D2CFE70032465B /* Out of this World */ = {
			isa = PBXNativeTarget;
			buildConfigurationList = A2CC999A19D2CFE70032465B /* Build configuration list for PBXNativeTarget "Out of this World" */;
			buildPhases = (
				A2CC997019D2CFE70032465B /* Sources */,
				A2CC997119D2CFE70032465B /* Frameworks */,
				A2CC997219D2CFE70032465B /* Resources */,
			);
			buildRules = (
			);
			dependencies = (
			);
			name = "Out of this World";
			productName = "Out of this World";
			productReference = A2CC997419D2CFE70032465B /* Out of this World.app */;
			productType = "com.apple.product-type.application";
		};
		A2CC998F19D2CFE70032465B /* Out of this WorldTests */ = {
			isa = PBXNativeTarget;
			buildConfigurationList = A2CC999D19D2CFE70032465B /* Build configuration list for PBXNativeTarget "Out of this WorldTests" */;
			buildPhases = (
				A2CC998C19D2CFE70032465B /* Sources */,
				A2CC998D19D2CFE70032465B /* Frameworks */,
				A2CC998E19D2CFE70032465B /* Resources */,
			);
			buildRules = (
			);
			dependencies = (
				A2CC999219D2CFE70032465B /* PBXTargetDependency */,
			);
			name = "Out of this WorldTests";
			productName = "Out of this WorldTests";
			productReference = A2CC999019D2CFE70032465B /* Out of this WorldTests.xctest */;
			productType = "com.apple.product-type.bundle.unit-test";
		};
/* End PBXNativeTarget section */

/* Begin PBXProject section */
		A2CC996C19D2CFE70032465B /* Project object */ = {
			isa = PBXProject;
			attributes = {
				LastUpgradeCheck = 0600;
				ORGANIZATIONNAME = BrickInc;
				TargetAttributes = {
					A2CC997319D2CFE70032465B = {
						CreatedOnToolsVersion = 6.0.1;
					};
					A2CC998F19D2CFE70032465B = {
						CreatedOnToolsVersion = 6.0.1;
						TestTargetID = A2CC997319D2CFE70032465B;
					};
				};
			};
			buildConfigurationList = A2CC996F19D2CFE70032465B /* Build configuration list for PBXProject "Out of this World" */;
			compatibilityVersion = "Xcode 3.2";
			developmentRegion = English;
			hasScannedForEncodings = 0;
			knownRegions = (
				en,
				Base,
			);
			mainGroup = A2CC996B19D2CFE70032465B;
			productRefGroup = A2CC997519D2CFE70032465B /* Products */;
			projectDirPath = "";
			projectRoot = "";
			targets = (
				A2CC997319D2CFE70032465B /* Out of this World */,
				A2CC998F19D2CFE70032465B /* Out of this WorldTests */,
			);
		};
/* End PBXProject section */

/* Begin PBXResourcesBuildPhase section */
		A2CC997219D2CFE70032465B /* Resources */ = {
			isa = PBXResourcesBuildPhase;
			buildActionMask = 2147483647;
			files = (
				A21A414D19D2FBC600AEEDFE /* Earth.jpg in Resources */,
				A21A415619D2FBC600AEEDFE /* Venus.jpg in Resources */,
				A21A415119D2FBC600AEEDFE /* Mercury.jpg in Resources */,
				A21A415419D2FBC600AEEDFE /* Saturn.jpg in Resources */,
				A21A415519D2FBC600AEEDFE /* Uranus.jpg in Resources */,
				A2CC998619D2CFE70032465B /* Main.storyboard in Resources */,
				A21A415219D2FBC600AEEDFE /* Neptune.jpg in Resources */,
				A21A415019D2FBC600AEEDFE /* Mars.jpg in Resources */,
				A2CC998B19D2CFE70032465B /* LaunchScreen.xib in Resources */,
				A2CC998819D2CFE70032465B /* Images.xcassets in Resources */,
				A21A414E19D2FBC600AEEDFE /* EinsteinRing.jpg in Resources */,
				A21A414F19D2FBC600AEEDFE /* Jupiter.jpg in Resources */,
				A21A415319D2FBC600AEEDFE /* Orion.jpg in Resources */,
			);
			runOnlyForDeploymentPostprocessing = 0;
		};
		A2CC998E19D2CFE70032465B /* Resources */ = {
			isa = PBXResourcesBuildPhase;
			buildActionMask = 2147483647;
			files = (
			);
			runOnlyForDeploymentPostprocessing = 0;
		};
/* End PBXResourcesBuildPhase section */

/* Begin PBXSourcesBuildPhase section */
		A2CC997019D2CFE70032465B /* Sources */ = {
			isa = PBXSourcesBuildPhase;
			buildActionMask = 2147483647;
			files = (
				A2CC997D19D2CFE70032465B /* AppDelegate.m in Sources */,
				A29B0A7619D434EE00A16806 /* OWSpaceDataViewController.m in Sources */,
				A2CC998019D2CFE70032465B /* Out_of_this_World.xcdatamodeld in Sources */,
				A2CC99A219D2D0370032465B /* OWOuterSpaceTableViewController.m in Sources */,
				A21A415919D2FCA200AEEDFE /* OWSpaceObject.m in Sources */,
				A2CC997A19D2CFE70032465B /* main.m in Sources */,
				A2AC4A9219D56672001C207B /* OWAddSpaceObjectViewController.m in Sources */,
				A2CC99A519D2E4450032465B /* AstronomicalData.m in Sources */,
				A29B0A0419D4082500A16806 /* OWSpaceImageViewController.m in Sources */,
			);
			runOnlyForDeploymentPostprocessing = 0;
		};
		A2CC998C19D2CFE70032465B /* Sources */ = {
			isa = PBXSourcesBuildPhase;
			buildActionMask = 2147483647;
			files = (
				A2CC999719D2CFE70032465B /* Out_of_this_WorldTests.m in Sources */,
			);
			runOnlyForDeploymentPostprocessing = 0;
		};
/* End PBXSourcesBuildPhase section */

/* Begin PBXTargetDependency section */
		A2CC999219D2CFE70032465B /* PBXTargetDependency */ = {
			isa = PBXTargetDependency;
			target = A2CC997319D2CFE70032465B /* Out of this World */;
			targetProxy = A2CC999119D2CFE70032465B /* PBXContainerItemProxy */;
		};
/* End PBXTargetDependency section */

/* Begin PBXVariantGroup section */
		A2CC998419D2CFE70032465B /* Main.storyboard */ = {
			isa = PBXVariantGroup;
			children = (
				A2CC998519D2CFE70032465B /* Base */,
			);
			name = Main.storyboard;
			sourceTree = "<group>";
		};
		A2CC998919D2CFE70032465B /* LaunchScreen.xib */ = {
			isa = PBXVariantGroup;
			children = (
				A2CC998A19D2CFE70032465B /* Base */,
			);
			name = LaunchScreen.xib;
			sourceTree = "<group>";
		};
/* End PBXVariantGroup section */

/* Begin XCBuildConfiguration section */
		A2CC999819D2CFE70032465B /* Debug */ = {
			isa = XCBuildConfiguration;
			buildSettings = {
				ALWAYS_SEARCH_USER_PATHS = NO;
				CLANG_CXX_LANGUAGE_STANDARD = "gnu++0x";
				CLANG_CXX_LIBRARY = "libc++";
				CLANG_ENABLE_MODULES = YES;
				CLANG_ENABLE_OBJC_ARC = YES;
				CLANG_WARN_BOOL_CONVERSION = YES;
				CLANG_WARN_CONSTANT_CONVERSION = YES;
				CLANG_WARN_DIRECT_OBJC_ISA_USAGE = YES_ERROR;
				CLANG_WARN_EMPTY_BODY = YES;
				CLANG_WARN_ENUM_CONVERSION = YES;
				CLANG_WARN_INT_CONVERSION = YES;
				CLANG_WARN_OBJC_ROOT_CLASS = YES_ERROR;
				CLANG_WARN_UNREACHABLE_CODE = YES;
				CLANG_WARN__DUPLICATE_METHOD_MATCH = YES;
				"CODE_SIGN_IDENTITY[sdk=iphoneos*]" = "iPhone Developer";
				COPY_PHASE_STRIP = NO;
				ENABLE_STRICT_OBJC_MSGSEND = YES;
				GCC_C_LANGUAGE_STANDARD = gnu99;
				GCC_DYNAMIC_NO_PIC = NO;
				GCC_OPTIMIZATION_LEVEL = 0;
				GCC_PREPROCESSOR_DEFINITIONS = (
					"DEBUG=1",
					"$(inherited)",
				);
				GCC_SYMBOLS_PRIVATE_EXTERN = NO;
				GCC_WARN_64_TO_32_BIT_CONVERSION = YES;
				GCC_WARN_ABOUT_RETURN_TYPE = YES_ERROR;
				GCC_WARN_UNDECLARED_SELECTOR = YES;
				GCC_WARN_UNINITIALIZED_AUTOS = YES_AGGRESSIVE;
				GCC_WARN_UNUSED_FUNCTION = YES;
				GCC_WARN_UNUSED_VARIABLE = YES;
				IPHONEOS_DEPLOYMENT_TARGET = 8.0;
				MTL_ENABLE_DEBUG_INFO = YES;
				ONLY_ACTIVE_ARCH = YES;
				SDKROOT = iphoneos;
			};
			name = Debug;
		};
		A2CC999919D2CFE70032465B /* Release */ = {
			isa = XCBuildConfiguration;
			buildSettings = {
				ALWAYS_SEARCH_USER_PATHS = NO;
				CLANG_CXX_LANGUAGE_STANDARD = "gnu++0x";
				CLANG_CXX_LIBRARY = "libc++";
				CLANG_ENABLE_MODULES = YES;
				CLANG_ENABLE_OBJC_ARC = YES;
				CLANG_WARN_BOOL_CONVERSION = YES;
				CLANG_WARN_CONSTANT_CONVERSION = YES;
				CLANG_WARN_DIRECT_OBJC_ISA_USAGE = YES_ERROR;
				CLANG_WARN_EMPTY_BODY = YES;
				CLANG_WARN_ENUM_CONVERSION = YES;
				CLANG_WARN_INT_CONVERSION = YES;
				CLANG_WARN_OBJC_ROOT_CLASS = YES_ERROR;
				CLANG_WARN_UNREACHABLE_CODE = YES;
				CLANG_WARN__DUPLICATE_METHOD_MATCH = YES;
				"CODE_SIGN_IDENTITY[sdk=iphoneos*]" = "iPhone Developer";
				COPY_PHASE_STRIP = YES;
				ENABLE_NS_ASSERTIONS = NO;
				ENABLE_STRICT_OBJC_MSGSEND = YES;
				GCC_C_LANGUAGE_STANDARD = gnu99;
				GCC_WARN_64_TO_32_BIT_CONVERSION = YES;
				GCC_WARN_ABOUT_RETURN_TYPE = YES_ERROR;
				GCC_WARN_UNDECLARED_SELECTOR = YES;
				GCC_WARN_UNINITIALIZED_AUTOS = YES_AGGRESSIVE;
				GCC_WARN_UNUSED_FUNCTION = YES;
				GCC_WARN_UNUSED_VARIABLE = YES;
				IPHONEOS_DEPLOYMENT_TARGET = 8.0;
				MTL_ENABLE_DEBUG_INFO = NO;
				SDKROOT = iphoneos;
				VALIDATE_PRODUCT = YES;
			};
			name = Release;
		};
		A2CC999B19D2CFE70032465B /* Debug */ = {
			isa = XCBuildConfiguration;
			buildSettings = {
				ASSETCATALOG_COMPILER_APPICON_NAME = AppIcon;
				INFOPLIST_FILE = "Out of this World/Info.plist";
				LD_RUNPATH_SEARCH_PATHS = "$(inherited) @executable_path/Frameworks";
				PRODUCT_NAME = "$(TARGET_NAME)";
			};
			name = Debug;
		};
		A2CC999C19D2CFE70032465B /* Release */ = {
			isa = XCBuildConfiguration;
			buildSettings = {
				ASSETCATALOG_COMPILER_APPICON_NAME = AppIcon;
				INFOPLIST_FILE = "Out of this World/Info.plist";
				LD_RUNPATH_SEARCH_PATHS = "$(inherited) @executable_path/Frameworks";
				PRODUCT_NAME = "$(TARGET_NAME)";
			};
			name = Release;
		};
		A2CC999E19D2CFE70032465B /* Debug */ = {
			isa = XCBuildConfiguration;
			buildSettings = {
				BUNDLE_LOADER = "$(TEST_HOST)";
				FRAMEWORK_SEARCH_PATHS = (
					"$(SDKROOT)/Developer/Library/Frameworks",
					"$(inherited)",
				);
				GCC_PREPROCESSOR_DEFINITIONS = (
					"DEBUG=1",
					"$(inherited)",
				);
				INFOPLIST_FILE = "Out of this WorldTests/Info.plist";
				LD_RUNPATH_SEARCH_PATHS = "$(inherited) @executable_path/Frameworks @loader_path/Frameworks";
				PRODUCT_NAME = "$(TARGET_NAME)";
				TEST_HOST = "$(BUILT_PRODUCTS_DIR)/Out of this World.app/Out of this World";
			};
			name = Debug;
		};
		A2CC999F19D2CFE70032465B /* Release */ = {
			isa = XCBuildConfiguration;
			buildSettings = {
				BUNDLE_LOADER = "$(TEST_HOST)";
				FRAMEWORK_SEARCH_PATHS = (
					"$(SDKROOT)/Developer/Library/Frameworks",
					"$(inherited)",
				);
				INFOPLIST_FILE = "Out of this WorldTests/Info.plist";
				LD_RUNPATH_SEARCH_PATHS = "$(inherited) @executable_path/Frameworks @loader_path/Frameworks";
				PRODUCT_NAME = "$(TARGET_NAME)";
				TEST_HOST = "$(BUILT_PRODUCTS_DIR)/Out of this World.app/Out of this World";
			};
			name = Release;
		};
/* End XCBuildConfiguration section */

/* Begin XCConfigurationList section */
		A2CC996F19D2CFE70032465B /* Build configuration list for PBXProject "Out of this World" */ = {
			isa = XCConfigurationList;
			buildConfigurations = (
				A2CC999819D2CFE70032465B /* Debug */,
				A2CC999919D2CFE70032465B /* Release */,
			);
			defaultConfigurationIsVisible = 0;
			defaultConfigurationName = Release;
		};
		A2CC999A19D2CFE70032465B /* Build configuration list for PBXNativeTarget "Out of this World" */ = {
			isa = XCConfigurationList;
			buildConfigurations = (
				A2CC999B19D2CFE70032465B /* Debug */,
				A2CC999C19D2CFE70032465B /* Release */,
			);
			defaultConfigurationIsVisible = 0;
			defaultConfigurationName = Release;
		};
		A2CC999D19D2CFE70032465B /* Build configuration list for PBXNativeTarget "Out of this WorldTests" */ = {
			isa = XCConfigurationList;
			buildConfigurations = (
				A2CC999E19D2CFE70032465B /* Debug */,
				A2CC999F19D2CFE70032465B /* Release */,
			);
			defaultConfigurationIsVisible = 0;
			defaultConfigurationName = Release;
		};
/* End XCConfigurationList section */

/* Begin XCVersionGroup section */
		A2CC997E19D2CFE70032465B /* Out_of_this_World.xcdatamodeld */ = {
			isa = XCVersionGroup;
			children = (
				A2CC997F19D2CFE70032465B /* Out_of_this_World.xcdatamodel */,
			);
			currentVersion = A2CC997F19D2CFE70032465B /* Out_of_this_World.xcdatamodel */;
			path = Out_of_this_World.xcdatamodeld;
			sourceTree = "<group>";
			versionGroupType = wrapper.xcdatamodel;
		};
/* End XCVersionGroup section */
	};
	rootObject = A2CC996C19D2CFE70032465B /* Project object */;
}
